
Microsoft Visual Studio Solution File, Format Version 12.00
# Visual Studio Version 16
VisualStudioVersion = 16.0.30320.27
MinimumVisualStudioVersion = 10.0.40219.1
Project("{9A19103F-16F7-4668-BE54-9A1E7A4F7556}") = "Finance.Domain.Core", "Finance.Domain.Core\Finance.Domain.Core.csproj", "{ABE866CD-865C-40C2-978A-79553734929C}"
EndProject
Project("{FAE04EC0-301F-11D3-BF4B-00C04F79EFBC}") = "Finance.Domain", "Finance.Domain\Finance.Domain.csproj", "{C1E4CA3D-5ACD-4DFD-A715-1FD6CFB69BED}"
EndProject
Project("{FAE04EC0-301F-11D3-BF4B-00C04F79EFBC}") = "Finance.Infrastructure.Data.Core", "Finance.Infrastructure.Data.Core\Finance.Infrastructure.Data.Core.csproj", "{CC6E7E99-DE93-402C-991D-77413F45F19A}"
EndProject
Project("{FAE04EC0-301F-11D3-BF4B-00C04F79EFBC}") = "Finance.Infrastructure.Data", "Finance.Infrastructure.Data\Finance.Infrastructure.Data.csproj", "{6DBB49EB-7E6F-4D30-9709-FEDB3D6F8030}"
EndProject
Project("{FAE04EC0-301F-11D3-BF4B-00C04F79EFBC}") = "Finance.Api", "Finance.Api\Finance.Api.csproj", "{409C37CA-6776-4644-ABD4-5ED542AEB4D6}"
EndProject
Global
	GlobalSection(SolutionConfigurationPlatforms) = preSolution
		Debug|Any CPU = Debug|Any CPU
		Release|Any CPU = Release|Any CPU
	EndGlobalSection
	GlobalSection(ProjectConfigurationPlatforms) = postSolution
		{ABE866CD-865C-40C2-978A-79553734929C}.Debug|Any CPU.ActiveCfg = Debug|Any CPU
		{ABE866CD-865C-40C2-978A-79553734929C}.Debug|Any CPU.Build.0 = Debug|Any CPU
		{ABE866CD-865C-40C2-978A-79553734929C}.Release|Any CPU.ActiveCfg = Release|Any CPU
		{ABE866CD-865C-40C2-978A-79553734929C}.Release|Any CPU.Build.0 = Release|Any CPU
		{C1E4CA3D-5ACD-4DFD-A715-1FD6CFB69BED}.Debug|Any CPU.ActiveCfg = Debug|Any CPU
		{C1E4CA3D-5ACD-4DFD-A715-1FD6CFB69BED}.Debug|Any CPU.Build.0 = Debug|Any CPU
		{C1E4CA3D-5ACD-4DFD-A715-1FD6CFB69BED}.Release|Any CPU.ActiveCfg = Release|Any CPU
		{C1E4CA3D-5ACD-4DFD-A715-1FD6CFB69BED}.Release|Any CPU.Build.0 = Release|Any CPU
		{CC6E7E99-DE93-402C-991D-77413F45F19A}.Debug|Any CPU.ActiveCfg = Debug|Any CPU
		{CC6E7E99-DE93-402C-991D-77413F45F19A}.Debug|Any CPU.Build.0 = Debug|Any CPU
		{CC6E7E99-DE93-402C-991D-77413F45F19A}.Release|Any CPU.ActiveCfg = Release|Any CPU
		{CC6E7E99-DE93-402C-991D-77413F45F19A}.Release|Any CPU.Build.0 = Release|Any CPU
		{6DBB49EB-7E6F-4D30-9709-FEDB3D6F8030}.Debug|Any CPU.ActiveCfg = Debug|Any CPU
		{6DBB49EB-7E6F-4D30-9709-FEDB3D6F8030}.Debug|Any CPU.Build.0 = Debug|Any CPU
		{6DBB49EB-7E6F-4D30-9709-FEDB3D6F8030}.Release|Any CPU.ActiveCfg = Release|Any CPU
		{6DBB49EB-7E6F-4D30-9709-FEDB3D6F8030}.Release|Any CPU.Build.0 = Release|Any CPU
		{409C37CA-6776-4644-ABD4-5ED542AEB4D6}.Debug|Any CPU.ActiveCfg = Debug|Any CPU
		{409C37CA-6776-4644-ABD4-5ED542AEB4D6}.Debug|Any CPU.Build.0 = Debug|Any CPU
		{409C37CA-6776-4644-ABD4-5ED542AEB4D6}.Release|Any CPU.ActiveCfg = Release|Any CPU
		{409C37CA-6776-4644-ABD4-5ED542AEB4D6}.Release|Any CPU.Build.0 = Release|Any CPU
	EndGlobalSection
	GlobalSection(SolutionProperties) = preSolution
		HideSolutionNode = FALSE
	EndGlobalSection
	GlobalSection(ExtensibilityGlobals) = postSolution
		SolutionGuid = {8D922C52-5F51-4F5C-95EA-63EDBA076E35}
	EndGlobalSection
EndGlobal
